// !$*UTF8*$!
{
	archiveVersion = 1;
	classes = {
	};
	objectVersion = 77;
	objects = {

/* Begin PBXBuildFile section */
		08E0CF120EEAFE9A355FA71F /* CheckEvent.swift in Sources */ = {isa = PBXBuildFile; fileRef = 5CB33E572D887CB4574F01A2 /* CheckEvent.swift */; };
		09C7278F68876D47C852BB34 /* BeforeBackground.swift in Sources */ = {isa = PBXBuildFile; fileRef = 788D0A8A1D8137BDA6A5EDE0 /* BeforeBackground.swift */; };
		0B3DB7350AD390CF01A8FB61 /* BalanceBoardEngine.swift in Sources */ = {isa = PBXBuildFile; fileRef = 1CB16610FFDAC0B269A585C1 /* BalanceBoardEngine.swift */; };
		0CE526D8FB890D53DAA2B4D7 /* CheckRuleEngine.swift in Sources */ = {isa = PBXBuildFile; fileRef = 4F454C1445FA6FD73087FAC8 /* CheckRuleEngine.swift */; };
		0D0C1EC99FE870F6BE703F32 /* MirrorWorkspaceView.swift in Sources */ = {isa = PBXBuildFile; fileRef = 1BED0BAF2ABAEA84E963BDD1 /* MirrorWorkspaceView.swift */; };
		0E3E39505C17952EE5C84880 /* DecisionMode.swift in Sources */ = {isa = PBXBuildFile; fileRef = 8803C58B37023CB5C616CD7C /* DecisionMode.swift */; };
		0EC6DD9A7FE63C6850AC8D9B /* ReminderTemplateLibrary.swift in Sources */ = {isa = PBXBuildFile; fileRef = 18D1942BFFCAF7130FAF127F /* ReminderTemplateLibrary.swift */; };
		0FD53A0F07BBFAB768372B95 /* BalanceBoardView.swift in Sources */ = {isa = PBXBuildFile; fileRef = D7CF7713B70A7CA75686CF11 /* BalanceBoardView.swift */; };
		11F77E80EE0F2B45F51AE79E /* DecisionReviewEngineTests.swift in Sources */ = {isa = PBXBuildFile; fileRef = EE5ECF006D7648F3C667BF84 /* DecisionReviewEngineTests.swift */; };
		167EC3CF0549AAFEED0A0940 /* DecisionModeRouter.swift in Sources */ = {isa = PBXBuildFile; fileRef = 44CADF38945C264E4DE6F821 /* DecisionModeRouter.swift */; };
		1912360C43CECEE3A107BBE2 /* MirrorWorkspaceSession.swift in Sources */ = {isa = PBXBuildFile; fileRef = E70A414A2528AF11F510CD25 /* MirrorWorkspaceSession.swift */; };
		1B16408FE6065B5938D2C51C /* DecisionStarterLibrary.swift in Sources */ = {isa = PBXBuildFile; fileRef = 1D900CAAC9F53880921790B3 /* DecisionStarterLibrary.swift */; };
		1C369C889014AD149DC50FD4 /* BeforePolicy.swift in Sources */ = {isa = PBXBuildFile; fileRef = 0DAB364E56E5EA8CCC7204F3 /* BeforePolicy.swift */; };
		1C817A6C32A9FDB942853C9E /* ResultView.swift in Sources */ = {isa = PBXBuildFile; fileRef = AA6E1FD7F02BE18A0F653DE4 /* ResultView.swift */; };
		2243D36D33F343B82F81029E /* MirrorEngine.swift in Sources */ = {isa = PBXBuildFile; fileRef = A05E06826B9C52DE8D6875DC /* MirrorEngine.swift */; };
		22ECFF18FE978AC0BAD75802 /* BeforePolicy.swift in Sources */ = {isa = PBXBuildFile; fileRef = 0DAB364E56E5EA8CCC7204F3 /* BeforePolicy.swift */; };
		25229166B79487699A5BE43C /* TomorrowBoxView.swift in Sources */ = {isa = PBXBuildFile; fileRef = 9981DC0C62B0CC0F075EDC39 /* TomorrowBoxView.swift */; };
		2D4A09066D8554D48DDA9195 /* BeforePreferencesStoreTests.swift in Sources */ = {isa = PBXBuildFile; fileRef = 4FC15551C8847566B4860806 /* BeforePreferencesStoreTests.swift */; };
		2FBA7E9C24DACAA361AE1A87 /* QuickCheckView.swift in Sources */ = {isa = PBXBuildFile; fileRef = 808EB61307CDE69C81AE5BBE /* QuickCheckView.swift */; };
		30B7C7F83352774B5CB49CB7 /* PendingReflectionStore.swift in Sources */ = {isa = PBXBuildFile; fileRef = 2CEADE1FA1884D9F8FEB7950 /* PendingReflectionStore.swift */; };
		3671D50FE2556C6C7D0E7FA4 /* PendingLaunchRequestStore.swift in Sources */ = {isa = PBXBuildFile; fileRef = 0E0334A8565803EF7707BB38 /* PendingLaunchRequestStore.swift */; };
		3E057C871B016661F9EBC629 /* ReminderTemplateLibraryTests.swift in Sources */ = {isa = PBXBuildFile; fileRef = 572E58A5A6D0778DCAD31234 /* ReminderTemplateLibraryTests.swift */; };
		3E42715FBE871E2C86C124F4 /* BeforeTheme.swift in Sources */ = {isa = PBXBuildFile; fileRef = 3FBEC07A4802202A55F07273 /* BeforeTheme.swift */; };
		3FA6A6CEB2949EBCAEC944FF /* MirrorEngineTests.swift in Sources */ = {isa = PBXBuildFile; fileRef = 734F52EF13FFB8B1DA81BC96 /* MirrorEngineTests.swift */; };
		402984E1B9C592B27915A179 /* PendingLaunchRequestStoreTests.swift in Sources */ = {isa = PBXBuildFile; fileRef = 2AF30BA404040B6ECD5A2652 /* PendingLaunchRequestStoreTests.swift */; };
		40CDCC53B762BF3B98144AF4 /* DecisionRecordRestoration.swift in Sources */ = {isa = PBXBuildFile; fileRef = 8FDBF1730457BB2E21337458 /* DecisionRecordRestoration.swift */; };
		464F2EAD3B73B90469A0C6B3 /* ActiveDecisionWorkspaceStore.swift in Sources */ = {isa = PBXBuildFile; fileRef = 7ACE14AA595C9EA5B7FEB035 /* ActiveDecisionWorkspaceStore.swift */; };
		4748856CD39AAB0011CC84A1 /* HomeView.swift in Sources */ = {isa = PBXBuildFile; fileRef = 93C10CF269564FEA13A19731 /* HomeView.swift */; };
		486753A8A1E653585E9C636F /* QuickCheckAnswers.swift in Sources */ = {isa = PBXBuildFile; fileRef = AB8A05C41C31FF92FED7AB83 /* QuickCheckAnswers.swift */; };
		514E8C0F9F44F8BAE2173DDB /* TomorrowBoxDraft.swift in Sources */ = {isa = PBXBuildFile; fileRef = 4DDB21D625F2F95F5D016974 /* TomorrowBoxDraft.swift */; };
		5163F8D746F1CF079AB765D5 /* OpenQuickCheckIntent.swift in Sources */ = {isa = PBXBuildFile; fileRef = BEDCB8C02350F6CC22C4DAAC /* OpenQuickCheckIntent.swift */; };
		52737B94451BEBEE58D6A018 /* BeforeTheme.swift in Sources */ = {isa = PBXBuildFile; fileRef = 3FBEC07A4802202A55F07273 /* BeforeTheme.swift */; };
		52C12D06470D02C5A92EE481 /* DecisionStarterLibraryTests.swift in Sources */ = {isa = PBXBuildFile; fileRef = 9A5EC40417B021F9CAFFD08C /* DecisionStarterLibraryTests.swift */; };
		542CC720483001216062BDAF /* SharedContainerTests.swift in Sources */ = {isa = PBXBuildFile; fileRef = D14BBBFC879A75D527348A3A /* SharedContainerTests.swift */; };
		5888AC82F3C7C85C034AB622 /* WidgetSafeCopyTests.swift in Sources */ = {isa = PBXBuildFile; fileRef = 5E7431FC89A250D4D0C9BB0B /* WidgetSafeCopyTests.swift */; };
		61ABFAE2B9337149D8BF6BAB /* LaunchRequestResolver.swift in Sources */ = {isa = PBXBuildFile; fileRef = CC3ED6E2F02764281FE79FDD /* LaunchRequestResolver.swift */; };
		62BC59F28EFB73407F848C35 /* Assets.xcassets in Resources */ = {isa = PBXBuildFile; fileRef = 2FC0E53534B32B214E62F4E5 /* Assets.xcassets */; };
		6461C907703FF797BE2E2203 /* PendingLaunchRequestStore.swift in Sources */ = {isa = PBXBuildFile; fileRef = 0E0334A8565803EF7707BB38 /* PendingLaunchRequestStore.swift */; };
		6667D470E86E61D402FB4170 /* SelfReminder.swift in Sources */ = {isa = PBXBuildFile; fileRef = 3B469617D4620292515EC675 /* SelfReminder.swift */; };
		66D7DD242C25DB82A472CFAE /* EntrySource.swift in Sources */ = {isa = PBXBuildFile; fileRef = 5263B35DEB9254806060CCA3 /* EntrySource.swift */; };
		67EE16CD290619AAB8F5A647 /* DecisionRoutePreviewCard.swift in Sources */ = {isa = PBXBuildFile; fileRef = C5ACF20A0EA2C52984402595 /* DecisionRoutePreviewCard.swift */; };
		69B6E60E25E2CA40F4B4C372 /* BalanceDecisionRecord.swift in Sources */ = {isa = PBXBuildFile; fileRef = B01437D8F3CD6BB36D3BCD38 /* BalanceDecisionRecord.swift */; };
		6A13D7FF4E56A1E22992DC2B /* BeforeWidgetExtension.appex in Embed Foundation Extensions */ = {isa = PBXBuildFile; fileRef = 01576E7A17B752C41D1A782C /* BeforeWidgetExtension.appex */; settings = {ATTRIBUTES = (RemoveHeadersOnCopy, ); }; };
		6B27C4A3750F2A7978B425D3 /* HistoryDetailView.swift in Sources */ = {isa = PBXBuildFile; fileRef = E840ED006682BD4A660B8F99 /* HistoryDetailView.swift */; };
		6E573D5E99FFD7D4ED011B62 /* Assets.xcassets in Resources */ = {isa = PBXBuildFile; fileRef = 9E202C386FB4EE9167AE769C /* Assets.xcassets */; };
		7070B692F04D90FC904D5BD9 /* RootTabView.swift in Sources */ = {isa = PBXBuildFile; fileRef = 5DA7D45B4CAAA3B24DDA4B1F /* RootTabView.swift */; };
		71293BD1BD9D0F5447F6F982 /* OpenQuickCheckIntent.swift in Sources */ = {isa = PBXBuildFile; fileRef = BEDCB8C02350F6CC22C4DAAC /* OpenQuickCheckIntent.swift */; };
		71D13CEFCF19E703C90BEDE1 /* WidgetSnapshot.swift in Sources */ = {isa = PBXBuildFile; fileRef = 2BF5DACA08082B764C73C19F /* WidgetSnapshot.swift */; };
		7394A450478981915DEC7373 /* ReviewProfileView.swift in Sources */ = {isa = PBXBuildFile; fileRef = D8E5572ABD426B283792639F /* ReviewProfileView.swift */; };
		7434A9168F97379B3085C717 /* ReflectionContext.swift in Sources */ = {isa = PBXBuildFile; fileRef = F1548E93121C0DEC8D3A983A /* ReflectionContext.swift */; };
		79EF067AA3100DD4F6B27CDC /* QuickCheckInput.swift in Sources */ = {isa = PBXBuildFile; fileRef = 1F68FB2BE9FA50C05DD3BB89 /* QuickCheckInput.swift */; };
		7E702A3E19D063CE60540333 /* ReminderSourceType.swift in Sources */ = {isa = PBXBuildFile; fileRef = C94A031C4F195FB7A25E444F /* ReminderSourceType.swift */; };
		803A163B61B327AD0E611DEE /* OnboardingView.swift in Sources */ = {isa = PBXBuildFile; fileRef = EAFAB4D7AB512041EFC3A51F /* OnboardingView.swift */; };
		858897610D7AC7359FD19BE9 /* ReflectionPromptView.swift in Sources */ = {isa = PBXBuildFile; fileRef = 7084BBE94DCFAE7AF1AF2241 /* ReflectionPromptView.swift */; };
		86C0AF0FFC0C65E491F002E2 /* DecisionFieldSuggestionLibrary.swift in Sources */ = {isa = PBXBuildFile; fileRef = 66E54FE3709A309C60A79794 /* DecisionFieldSuggestionLibrary.swift */; };
		871E06E7FAE5D00902A2F89D /* BeforePreferencesStore.swift in Sources */ = {isa = PBXBuildFile; fileRef = A2710C9DCEDCB00295552131 /* BeforePreferencesStore.swift */; };
		873075573792938B474AE0C9 /* HistoryView.swift in Sources */ = {isa = PBXBuildFile; fileRef = 546368DC120CDB70926CB195 /* HistoryView.swift */; };
		8B2CA2CE45540D3CDE6F2B9B /* PersistenceBootstrap.swift in Sources */ = {isa = PBXBuildFile; fileRef = 922541BCCDEEF8FA8FE5E169 /* PersistenceBootstrap.swift */; };
		8D6E53B8156501A71CF98272 /* CheckVerdict.swift in Sources */ = {isa = PBXBuildFile; fileRef = 58C429E74F83380B3EB5DD21 /* CheckVerdict.swift */; };
		8FAC775FD6270B1BF688FA4A /* ScenarioType.swift in Sources */ = {isa = PBXBuildFile; fileRef = 79FE2701FB38D185371AA573 /* ScenarioType.swift */; };
		90F60CB4116980D6BFEA9523 /* DecisionFieldSuggestionLibrary.swift in Sources */ = {isa = PBXBuildFile; fileRef = 66E54FE3709A309C60A79794 /* DecisionFieldSuggestionLibrary.swift */; };
		91FCA41E7AC8B16CB8884144 /* TomorrowBoxItem.swift in Sources */ = {isa = PBXBuildFile; fileRef = A5EAECB9C7486720CA147BCE /* TomorrowBoxItem.swift */; };
		9375F89FA25D82B0679A4A99 /* CheckAction.swift in Sources */ = {isa = PBXBuildFile; fileRef = 4C1CF4BDBA8776C1E59C9B45 /* CheckAction.swift */; };
		97229440C03B71286BB0544A /* LaunchRequestResolver.swift in Sources */ = {isa = PBXBuildFile; fileRef = CC3ED6E2F02764281FE79FDD /* LaunchRequestResolver.swift */; };
		97C51D0659C57FEAD7D96D35 /* TomorrowBoxDraftTests.swift in Sources */ = {isa = PBXBuildFile; fileRef = 1D9B5A5DF817EBD959F0B018 /* TomorrowBoxDraftTests.swift */; };
		98BC1C5960398A586CABADAC /* WidgetSafeCopy.swift in Sources */ = {isa = PBXBuildFile; fileRef = DDB7F1306151CE6EAB2CA002 /* WidgetSafeCopy.swift */; };
		99EB5E6E65F34A2038B1A57F /* QuickCheckAnswers.swift in Sources */ = {isa = PBXBuildFile; fileRef = AB8A05C41C31FF92FED7AB83 /* QuickCheckAnswers.swift */; };
		9E036C4D8BB751D3930E0657 /* WidgetSnapshot.swift in Sources */ = {isa = PBXBuildFile; fileRef = 2BF5DACA08082B764C73C19F /* WidgetSnapshot.swift */; };
		A03889B80C579D9036380803 /* ReminderSourceType.swift in Sources */ = {isa = PBXBuildFile; fileRef = C94A031C4F195FB7A25E444F /* ReminderSourceType.swift */; };
		A0DC2D7A24785D3A66F7BA8A /* DecisionModeRouterTests.swift in Sources */ = {isa = PBXBuildFile; fileRef = F9C0EC9BCB2856CEA2CDB928 /* DecisionModeRouterTests.swift */; };
		A1F587F508885CC983D3AE50 /* BeforeAppModel.swift in Sources */ = {isa = PBXBuildFile; fileRef = 2FF0AE4C04AAF5821C532270 /* BeforeAppModel.swift */; };
		A1F804F13673E29E07AFAE94 /* WidgetSafeCopy.swift in Sources */ = {isa = PBXBuildFile; fileRef = DDB7F1306151CE6EAB2CA002 /* WidgetSafeCopy.swift */; };
		A4B068D6281F83631F485E33 /* QuickBufferDurationTests.swift in Sources */ = {isa = PBXBuildFile; fileRef = 6DC1B3E111B5D1197CEB7CDA /* QuickBufferDurationTests.swift */; };
		A4C6F0721574B7ADAF7D388A /* LaunchRequestResolverTests.swift in Sources */ = {isa = PBXBuildFile; fileRef = 5DF9D3F05358E50DCC11E2AF /* LaunchRequestResolverTests.swift */; };
		A67CDCCE9D03D5DBB3D500FB /* DecisionReviewEngine.swift in Sources */ = {isa = PBXBuildFile; fileRef = 7B2D947D30BE6BCB8C3A28A6 /* DecisionReviewEngine.swift */; };
		A6F69284943D1182E1B51CAF /* StarterPromptRow.swift in Sources */ = {isa = PBXBuildFile; fileRef = 05412B6E47A277E56EC0236E /* StarterPromptRow.swift */; };
		AA8B9D1227CD427C509C62B4 /* ScenarioType.swift in Sources */ = {isa = PBXBuildFile; fileRef = 79FE2701FB38D185371AA573 /* ScenarioType.swift */; };
		AB3F4D0488D9E91CC8AF7E64 /* BeforeActionButton.swift in Sources */ = {isa = PBXBuildFile; fileRef = 2A7B6A83F0C81717A9A5D601 /* BeforeActionButton.swift */; };
		AD18C6CEDD62926AF684ABB1 /* WaitView.swift in Sources */ = {isa = PBXBuildFile; fileRef = 4DFE4FB1A6B9A76AD2AD80E3 /* WaitView.swift */; };
		B6401C0BE7236DB94F7E0FD4 /* NotificationServiceTests.swift in Sources */ = {isa = PBXBuildFile; fileRef = 12B18D0B36378C98DA6A44EA /* NotificationServiceTests.swift */; };
		BA99C96ABD658EADEE79DE5B /* EntrySource.swift in Sources */ = {isa = PBXBuildFile; fileRef = 5263B35DEB9254806060CCA3 /* EntrySource.swift */; };
		BB67511098C3741B7E832995 /* SharedContainer.swift in Sources */ = {isa = PBXBuildFile; fileRef = E63D346FC718230713E7B30B /* SharedContainer.swift */; };
		BB74CD533C51228C40787E52 /* DecisionFieldSuggestionLibraryTests.swift in Sources */ = {isa = PBXBuildFile; fileRef = ED9ED7A91142A6380075D141 /* DecisionFieldSuggestionLibraryTests.swift */; };
		BBC8A21467AE24FDE91F1294 /* ReminderSelectionPolicy.swift in Sources */ = {isa = PBXBuildFile; fileRef = CC7AFD8BAE5FD8656546EA60 /* ReminderSelectionPolicy.swift */; };
		BC119E173C9725E0DD522AD7 /* GuidedInputCard.swift in Sources */ = {isa = PBXBuildFile; fileRef = 0878363BE996C18206470FE0 /* GuidedInputCard.swift */; };
		BD34C65E13DED107DB483BB7 /* BeforeApp.swift in Sources */ = {isa = PBXBuildFile; fileRef = 9A6F46446EAB4BE1B81889BC /* BeforeApp.swift */; };
		BDE7FDE600641BE0BC49A9A2 /* QuickCheckInput.swift in Sources */ = {isa = PBXBuildFile; fileRef = 1F68FB2BE9FA50C05DD3BB89 /* QuickCheckInput.swift */; };
		BF8749721BE6FDA0E6D26222 /* SettingsView.swift in Sources */ = {isa = PBXBuildFile; fileRef = AEF88B8304CF7F148F06C204 /* SettingsView.swift */; };
		C46A50ABD5DCD6B7FC47FFE3 /* BeforeWidget.swift in Sources */ = {isa = PBXBuildFile; fileRef = 5F7A4B71C9286A522BBDC902 /* BeforeWidget.swift */; };
		C68A6B36A45AE8D6D6249813 /* CheckAction.swift in Sources */ = {isa = PBXBuildFile; fileRef = 4C1CF4BDBA8776C1E59C9B45 /* CheckAction.swift */; };
		CC15D4EE356A7EB095BD13DE /* BalanceBoardEngineTests.swift in Sources */ = {isa = PBXBuildFile; fileRef = D5476CF22FF1B67A4F1E4502 /* BalanceBoardEngineTests.swift */; };
		CCAD0045602DBB2FD0D006B4 /* SectionHeader.swift in Sources */ = {isa = PBXBuildFile; fileRef = A61DB79FB9E3DC311CE85256 /* SectionHeader.swift */; };
		CCB15F44F3F2C2C27384875B /* DecisionModeRouter.swift in Sources */ = {isa = PBXBuildFile; fileRef = 44CADF38945C264E4DE6F821 /* DecisionModeRouter.swift */; };
		CE80525173BB79B9E09164E9 /* BalanceBoardEngine.swift in Sources */ = {isa = PBXBuildFile; fileRef = 1CB16610FFDAC0B269A585C1 /* BalanceBoardEngine.swift */; };
		CF27D67C84FD09BF673A2FDB /* SharedContainer.swift in Sources */ = {isa = PBXBuildFile; fileRef = E63D346FC718230713E7B30B /* SharedContainer.swift */; };
		D2A5EF3042DD67410183A43E /* ReflectionContext.swift in Sources */ = {isa = PBXBuildFile; fileRef = F1548E93121C0DEC8D3A983A /* ReflectionContext.swift */; };
		D508BAC239303E3FE5A18318 /* ReminderTemplateLibrary.swift in Sources */ = {isa = PBXBuildFile; fileRef = 18D1942BFFCAF7130FAF127F /* ReminderTemplateLibrary.swift */; };
		D8C10F91552AED40EC948DFC /* QuickCheckSession.swift in Sources */ = {isa = PBXBuildFile; fileRef = 7BAE04A71B8826BDE45EAF6E /* QuickCheckSession.swift */; };
		D95E6740672BA7080A66DF1D /* DecisionModeCard.swift in Sources */ = {isa = PBXBuildFile; fileRef = A25779E30F91D917702DC456 /* DecisionModeCard.swift */; };
		D99FF9332959DCD349DD6FF6 /* DecisionRecordRestorationTests.swift in Sources */ = {isa = PBXBuildFile; fileRef = 438899EA716D6093E4500048 /* DecisionRecordRestorationTests.swift */; };
		DC772636D1CBA8BC844DAF50 /* CheckRuleEngine.swift in Sources */ = {isa = PBXBuildFile; fileRef = 4F454C1445FA6FD73087FAC8 /* CheckRuleEngine.swift */; };
		E2D1DA742604121A137BEADE /* QuickBufferDuration.swift in Sources */ = {isa = PBXBuildFile; fileRef = 28559294F554136C5D9334B2 /* QuickBufferDuration.swift */; };
		E4E307C29DC37CDB3C88DB3F /* BalanceBoardSession.swift in Sources */ = {isa = PBXBuildFile; fileRef = B6A240A4A08405C8D91821CD /* BalanceBoardSession.swift */; };
		E86301EA0C43918C3B37E1C6 /* ReminderSelectionPolicyTests.swift in Sources */ = {isa = PBXBuildFile; fileRef = 7152E91B0D3E0D96AA280B51 /* ReminderSelectionPolicyTests.swift */; };
		E884F883F82E83FF0E329D1E /* MirrorDecisionRecord.swift in Sources */ = {isa = PBXBuildFile; fileRef = F5D6E8FDD046A39543E12464 /* MirrorDecisionRecord.swift */; };
		EAD6DE99C58C6F34D6D34AED /* NotificationService.swift in Sources */ = {isa = PBXBuildFile; fileRef = DFDA8C2C4F4EB349F7763323 /* NotificationService.swift */; };
		EAE10804F80292499C127ABB /* CheckVerdict.swift in Sources */ = {isa = PBXBuildFile; fileRef = 58C429E74F83380B3EB5DD21 /* CheckVerdict.swift */; };
		EAFB12A3676EAF72B6BC9989 /* DecisionMode.swift in Sources */ = {isa = PBXBuildFile; fileRef = 8803C58B37023CB5C616CD7C /* DecisionMode.swift */; };
		EBDFA747E00D674AE132B4C8 /* MirrorEngine.swift in Sources */ = {isa = PBXBuildFile; fileRef = A05E06826B9C52DE8D6875DC /* MirrorEngine.swift */; };
		EC4B3A79C4659AFCAD798083 /* CheckRuleEngineTests.swift in Sources */ = {isa = PBXBuildFile; fileRef = A9E33F27723396B6B342EB59 /* CheckRuleEngineTests.swift */; };
		F374442A214A8ADA30095D13 /* ActiveDecisionWorkspaceStoreTests.swift in Sources */ = {isa = PBXBuildFile; fileRef = 91300F510722B505F828AB0B /* ActiveDecisionWorkspaceStoreTests.swift */; };
		F6130B346740F14D025CE845 /* PanelCard.swift in Sources */ = {isa = PBXBuildFile; fileRef = 32B421144DE1D5D71F3CFC70 /* PanelCard.swift */; };
		F8234276CF94ACFD29BA7372 /* HomePromptActionTests.swift in Sources */ = {isa = PBXBuildFile; fileRef = 63658AD94D911459300CDB15 /* HomePromptActionTests.swift */; };
		FF8818ABD3CE2840697F5DB9 /* QuickBufferDuration.swift in Sources */ = {isa = PBXBuildFile; fileRef = 28559294F554136C5D9334B2 /* QuickBufferDuration.swift */; };
/* End PBXBuildFile section */

/* Begin PBXContainerItemProxy section */
		40FF0AEC9FEA98F69F65DC02 /* PBXContainerItemProxy */ = {
			isa = PBXContainerItemProxy;
			containerPortal = 8D009C367D7606973570E20C /* Project object */;
			proxyType = 1;
			remoteGlobalIDString = 6B20317314DDC900999C505E;
			remoteInfo = Before;
		};
		F558D49385931EB9A220368F /* PBXContainerItemProxy */ = {
			isa = PBXContainerItemProxy;
			containerPortal = 8D009C367D7606973570E20C /* Project object */;
			proxyType = 1;
			remoteGlobalIDString = 865A4C5052B47BCF917BE9C4;
			remoteInfo = BeforeWidgetExtension;
		};
/* End PBXContainerItemProxy section */

/* Begin PBXCopyFilesBuildPhase section */
		C16DABD84585E09CF9E3F9A5 /* Embed Foundation Extensions */ = {
			isa = PBXCopyFilesBuildPhase;
			buildActionMask = 2147483647;
			dstPath = "";
			dstSubfolderSpec = 13;
			files = (
				6A13D7FF4E56A1E22992DC2B /* BeforeWidgetExtension.appex in Embed Foundation Extensions */,
			);
			name = "Embed Foundation Extensions";
			runOnlyForDeploymentPostprocessing = 0;
		};
/* End PBXCopyFilesBuildPhase section */

/* Begin PBXFileReference section */
		01576E7A17B752C41D1A782C /* BeforeWidgetExtension.appex */ = {isa = PBXFileReference; includeInIndex = 0; lastKnownFileType = "wrapper.app-extension"; path = BeforeWidgetExtension.appex; sourceTree = BUILT_PRODUCTS_DIR; };
		05412B6E47A277E56EC0236E /* StarterPromptRow.swift */ = {isa = PBXFileReference; lastKnownFileType = sourcecode.swift; path = StarterPromptRow.swift; sourceTree = "<group>"; };
		0878363BE996C18206470FE0 /* GuidedInputCard.swift */ = {isa = PBXFileReference; lastKnownFileType = sourcecode.swift; path = GuidedInputCard.swift; sourceTree = "<group>"; };
		0DAB364E56E5EA8CCC7204F3 /* BeforePolicy.swift */ = {isa = PBXFileReference; lastKnownFileType = sourcecode.swift; path = BeforePolicy.swift; sourceTree = "<group>"; };
		0E0334A8565803EF7707BB38 /* PendingLaunchRequestStore.swift */ = {isa = PBXFileReference; lastKnownFileType = sourcecode.swift; path = PendingLaunchRequestStore.swift; sourceTree = "<group>"; };
		12B18D0B36378C98DA6A44EA /* NotificationServiceTests.swift */ = {isa = PBXFileReference; lastKnownFileType = sourcecode.swift; path = NotificationServiceTests.swift; sourceTree = "<group>"; };
		18D1942BFFCAF7130FAF127F /* ReminderTemplateLibrary.swift */ = {isa = PBXFileReference; lastKnownFileType = sourcecode.swift; path = ReminderTemplateLibrary.swift; sourceTree = "<group>"; };
		1A4C5AF61DAB5CE975809C4D /* Before.entitlements */ = {isa = PBXFileReference; lastKnownFileType = text.plist.entitlements; path = Before.entitlements; sourceTree = "<group>"; };
		1BED0BAF2ABAEA84E963BDD1 /* MirrorWorkspaceView.swift */ = {isa = PBXFileReference; lastKnownFileType = sourcecode.swift; path = MirrorWorkspaceView.swift; sourceTree = "<group>"; };
		1CB16610FFDAC0B269A585C1 /* BalanceBoardEngine.swift */ = {isa = PBXFileReference; lastKnownFileType = sourcecode.swift; path = BalanceBoardEngine.swift; sourceTree = "<group>"; };
		1D900CAAC9F53880921790B3 /* DecisionStarterLibrary.swift */ = {isa = PBXFileReference; lastKnownFileType = sourcecode.swift; path = DecisionStarterLibrary.swift; sourceTree = "<group>"; };
		1D9B5A5DF817EBD959F0B018 /* TomorrowBoxDraftTests.swift */ = {isa = PBXFileReference; lastKnownFileType = sourcecode.swift; path = TomorrowBoxDraftTests.swift; sourceTree = "<group>"; };
		1F68FB2BE9FA50C05DD3BB89 /* QuickCheckInput.swift */ = {isa = PBXFileReference; lastKnownFileType = sourcecode.swift; path = QuickCheckInput.swift; sourceTree = "<group>"; };
		2674B942E6DC6FD9A34FD9C8 /* BeforeTests.xctest */ = {isa = PBXFileReference; includeInIndex = 0; lastKnownFileType = wrapper.cfbundle; path = BeforeTests.xctest; sourceTree = BUILT_PRODUCTS_DIR; };
		28559294F554136C5D9334B2 /* QuickBufferDuration.swift */ = {isa = PBXFileReference; lastKnownFileType = sourcecode.swift; path = QuickBufferDuration.swift; sourceTree = "<group>"; };
		2A7B6A83F0C81717A9A5D601 /* BeforeActionButton.swift */ = {isa = PBXFileReference; lastKnownFileType = sourcecode.swift; path = BeforeActionButton.swift; sourceTree = "<group>"; };
		2AF30BA404040B6ECD5A2652 /* PendingLaunchRequestStoreTests.swift */ = {isa = PBXFileReference; lastKnownFileType = sourcecode.swift; path = PendingLaunchRequestStoreTests.swift; sourceTree = "<group>"; };
		2BF5DACA08082B764C73C19F /* WidgetSnapshot.swift */ = {isa = PBXFileReference; lastKnownFileType = sourcecode.swift; path = WidgetSnapshot.swift; sourceTree = "<group>"; };
		2CEADE1FA1884D9F8FEB7950 /* PendingReflectionStore.swift */ = {isa = PBXFileReference; lastKnownFileType = sourcecode.swift; path = PendingReflectionStore.swift; sourceTree = "<group>"; };
		2FC0E53534B32B214E62F4E5 /* Assets.xcassets */ = {isa = PBXFileReference; lastKnownFileType = folder.assetcatalog; path = Assets.xcassets; sourceTree = "<group>"; };
		2FF0AE4C04AAF5821C532270 /* BeforeAppModel.swift */ = {isa = PBXFileReference; lastKnownFileType = sourcecode.swift; path = BeforeAppModel.swift; sourceTree = "<group>"; };
		32B421144DE1D5D71F3CFC70 /* PanelCard.swift */ = {isa = PBXFileReference; lastKnownFileType = sourcecode.swift; path = PanelCard.swift; sourceTree = "<group>"; };
		3B469617D4620292515EC675 /* SelfReminder.swift */ = {isa = PBXFileReference; lastKnownFileType = sourcecode.swift; path = SelfReminder.swift; sourceTree = "<group>"; };
		3FBEC07A4802202A55F07273 /* BeforeTheme.swift */ = {isa = PBXFileReference; lastKnownFileType = sourcecode.swift; path = BeforeTheme.swift; sourceTree = "<group>"; };
		438899EA716D6093E4500048 /* DecisionRecordRestorationTests.swift */ = {isa = PBXFileReference; lastKnownFileType = sourcecode.swift; path = DecisionRecordRestorationTests.swift; sourceTree = "<group>"; };
		44CADF38945C264E4DE6F821 /* DecisionModeRouter.swift */ = {isa = PBXFileReference; lastKnownFileType = sourcecode.swift; path = DecisionModeRouter.swift; sourceTree = "<group>"; };
		4C1CF4BDBA8776C1E59C9B45 /* CheckAction.swift */ = {isa = PBXFileReference; lastKnownFileType = sourcecode.swift; path = CheckAction.swift; sourceTree = "<group>"; };
		4DDB21D625F2F95F5D016974 /* TomorrowBoxDraft.swift */ = {isa = PBXFileReference; lastKnownFileType = sourcecode.swift; path = TomorrowBoxDraft.swift; sourceTree = "<group>"; };
		4DFE4FB1A6B9A76AD2AD80E3 /* WaitView.swift */ = {isa = PBXFileReference; lastKnownFileType = sourcecode.swift; path = WaitView.swift; sourceTree = "<group>"; };
		4F454C1445FA6FD73087FAC8 /* CheckRuleEngine.swift */ = {isa = PBXFileReference; lastKnownFileType = sourcecode.swift; path = CheckRuleEngine.swift; sourceTree = "<group>"; };
		4FC15551C8847566B4860806 /* BeforePreferencesStoreTests.swift */ = {isa = PBXFileReference; lastKnownFileType = sourcecode.swift; path = BeforePreferencesStoreTests.swift; sourceTree = "<group>"; };
		5263B35DEB9254806060CCA3 /* EntrySource.swift */ = {isa = PBXFileReference; lastKnownFileType = sourcecode.swift; path = EntrySource.swift; sourceTree = "<group>"; };
		546368DC120CDB70926CB195 /* HistoryView.swift */ = {isa = PBXFileReference; lastKnownFileType = sourcecode.swift; path = HistoryView.swift; sourceTree = "<group>"; };
		572E58A5A6D0778DCAD31234 /* ReminderTemplateLibraryTests.swift */ = {isa = PBXFileReference; lastKnownFileType = sourcecode.swift; path = ReminderTemplateLibraryTests.swift; sourceTree = "<group>"; };
		58B8955E44D8F1A24CF2D10D /* Info.plist */ = {isa = PBXFileReference; lastKnownFileType = text.plist; path = Info.plist; sourceTree = "<group>"; };
		58C429E74F83380B3EB5DD21 /* CheckVerdict.swift */ = {isa = PBXFileReference; lastKnownFileType = sourcecode.swift; path = CheckVerdict.swift; sourceTree = "<group>"; };
		5CB33E572D887CB4574F01A2 /* CheckEvent.swift */ = {isa = PBXFileReference; lastKnownFileType = sourcecode.swift; path = CheckEvent.swift; sourceTree = "<group>"; };
		5DA7D45B4CAAA3B24DDA4B1F /* RootTabView.swift */ = {isa = PBXFileReference; lastKnownFileType = sourcecode.swift; path = RootTabView.swift; sourceTree = "<group>"; };
		5DF9D3F05358E50DCC11E2AF /* LaunchRequestResolverTests.swift */ = {isa = PBXFileReference; lastKnownFileType = sourcecode.swift; path = LaunchRequestResolverTests.swift; sourceTree = "<group>"; };
		5E7431FC89A250D4D0C9BB0B /* WidgetSafeCopyTests.swift */ = {isa = PBXFileReference; lastKnownFileType = sourcecode.swift; path = WidgetSafeCopyTests.swift; sourceTree = "<group>"; };
		5F7A4B71C9286A522BBDC902 /* BeforeWidget.swift */ = {isa = PBXFileReference; lastKnownFileType = sourcecode.swift; path = BeforeWidget.swift; sourceTree = "<group>"; };
		63658AD94D911459300CDB15 /* HomePromptActionTests.swift */ = {isa = PBXFileReference; lastKnownFileType = sourcecode.swift; path = HomePromptActionTests.swift; sourceTree = "<group>"; };
		66E54FE3709A309C60A79794 /* DecisionFieldSuggestionLibrary.swift */ = {isa = PBXFileReference; lastKnownFileType = sourcecode.swift; path = DecisionFieldSuggestionLibrary.swift; sourceTree = "<group>"; };
		6DC1B3E111B5D1197CEB7CDA /* QuickBufferDurationTests.swift */ = {isa = PBXFileReference; lastKnownFileType = sourcecode.swift; path = QuickBufferDurationTests.swift; sourceTree = "<group>"; };
		7084BBE94DCFAE7AF1AF2241 /* ReflectionPromptView.swift */ = {isa = PBXFileReference; lastKnownFileType = sourcecode.swift; path = ReflectionPromptView.swift; sourceTree = "<group>"; };
		7152E91B0D3E0D96AA280B51 /* ReminderSelectionPolicyTests.swift */ = {isa = PBXFileReference; lastKnownFileType = sourcecode.swift; path = ReminderSelectionPolicyTests.swift; sourceTree = "<group>"; };
		734F52EF13FFB8B1DA81BC96 /* MirrorEngineTests.swift */ = {isa = PBXFileReference; lastKnownFileType = sourcecode.swift; path = MirrorEngineTests.swift; sourceTree = "<group>"; };
		788D0A8A1D8137BDA6A5EDE0 /* BeforeBackground.swift */ = {isa = PBXFileReference; lastKnownFileType = sourcecode.swift; path = BeforeBackground.swift; sourceTree = "<group>"; };
		79FE2701FB38D185371AA573 /* ScenarioType.swift */ = {isa = PBXFileReference; lastKnownFileType = sourcecode.swift; path = ScenarioType.swift; sourceTree = "<group>"; };
		7ACE14AA595C9EA5B7FEB035 /* ActiveDecisionWorkspaceStore.swift */ = {isa = PBXFileReference; lastKnownFileType = sourcecode.swift; path = ActiveDecisionWorkspaceStore.swift; sourceTree = "<group>"; };
		7B2D947D30BE6BCB8C3A28A6 /* DecisionReviewEngine.swift */ = {isa = PBXFileReference; lastKnownFileType = sourcecode.swift; path = DecisionReviewEngine.swift; sourceTree = "<group>"; };
		7BAE04A71B8826BDE45EAF6E /* QuickCheckSession.swift */ = {isa = PBXFileReference; lastKnownFileType = sourcecode.swift; path = QuickCheckSession.swift; sourceTree = "<group>"; };
		808EB61307CDE69C81AE5BBE /* QuickCheckView.swift */ = {isa = PBXFileReference; lastKnownFileType = sourcecode.swift; path = QuickCheckView.swift; sourceTree = "<group>"; };
		8803C58B37023CB5C616CD7C /* DecisionMode.swift */ = {isa = PBXFileReference; lastKnownFileType = sourcecode.swift; path = DecisionMode.swift; sourceTree = "<group>"; };
		8C770A8A464D7D5BFFD53D19 /* BeforeWidgetExtension.entitlements */ = {isa = PBXFileReference; lastKnownFileType = text.plist.entitlements; path = BeforeWidgetExtension.entitlements; sourceTree = "<group>"; };
		8FDBF1730457BB2E21337458 /* DecisionRecordRestoration.swift */ = {isa = PBXFileReference; lastKnownFileType = sourcecode.swift; path = DecisionRecordRestoration.swift; sourceTree = "<group>"; };
		91300F510722B505F828AB0B /* ActiveDecisionWorkspaceStoreTests.swift */ = {isa = PBXFileReference; lastKnownFileType = sourcecode.swift; path = ActiveDecisionWorkspaceStoreTests.swift; sourceTree = "<group>"; };
		922541BCCDEEF8FA8FE5E169 /* PersistenceBootstrap.swift */ = {isa = PBXFileReference; lastKnownFileType = sourcecode.swift; path = PersistenceBootstrap.swift; sourceTree = "<group>"; };
		93C10CF269564FEA13A19731 /* HomeView.swift */ = {isa = PBXFileReference; lastKnownFileType = sourcecode.swift; path = HomeView.swift; sourceTree = "<group>"; };
		9981DC0C62B0CC0F075EDC39 /* TomorrowBoxView.swift */ = {isa = PBXFileReference; lastKnownFileType = sourcecode.swift; path = TomorrowBoxView.swift; sourceTree = "<group>"; };
		9A5EC40417B021F9CAFFD08C /* DecisionStarterLibraryTests.swift */ = {isa = PBXFileReference; lastKnownFileType = sourcecode.swift; path = DecisionStarterLibraryTests.swift; sourceTree = "<group>"; };
		9A6F46446EAB4BE1B81889BC /* BeforeApp.swift */ = {isa = PBXFileReference; lastKnownFileType = sourcecode.swift; path = BeforeApp.swift; sourceTree = "<group>"; };
		9E202C386FB4EE9167AE769C /* Assets.xcassets */ = {isa = PBXFileReference; lastKnownFileType = folder.assetcatalog; path = Assets.xcassets; sourceTree = "<group>"; };
		A05E06826B9C52DE8D6875DC /* MirrorEngine.swift */ = {isa = PBXFileReference; lastKnownFileType = sourcecode.swift; path = MirrorEngine.swift; sourceTree = "<group>"; };
		A25779E30F91D917702DC456 /* DecisionModeCard.swift */ = {isa = PBXFileReference; lastKnownFileType = sourcecode.swift; path = DecisionModeCard.swift; sourceTree = "<group>"; };
		A2710C9DCEDCB00295552131 /* BeforePreferencesStore.swift */ = {isa = PBXFileReference; lastKnownFileType = sourcecode.swift; path = BeforePreferencesStore.swift; sourceTree = "<group>"; };
		A5EAECB9C7486720CA147BCE /* TomorrowBoxItem.swift */ = {isa = PBXFileReference; lastKnownFileType = sourcecode.swift; path = TomorrowBoxItem.swift; sourceTree = "<group>"; };
		A61DB79FB9E3DC311CE85256 /* SectionHeader.swift */ = {isa = PBXFileReference; lastKnownFileType = sourcecode.swift; path = SectionHeader.swift; sourceTree = "<group>"; };
		A9E33F27723396B6B342EB59 /* CheckRuleEngineTests.swift */ = {isa = PBXFileReference; lastKnownFileType = sourcecode.swift; path = CheckRuleEngineTests.swift; sourceTree = "<group>"; };
		AA6E1FD7F02BE18A0F653DE4 /* ResultView.swift */ = {isa = PBXFileReference; lastKnownFileType = sourcecode.swift; path = ResultView.swift; sourceTree = "<group>"; };
		AB8A05C41C31FF92FED7AB83 /* QuickCheckAnswers.swift */ = {isa = PBXFileReference; lastKnownFileType = sourcecode.swift; path = QuickCheckAnswers.swift; sourceTree = "<group>"; };
		AEF88B8304CF7F148F06C204 /* SettingsView.swift */ = {isa = PBXFileReference; lastKnownFileType = sourcecode.swift; path = SettingsView.swift; sourceTree = "<group>"; };
		B01437D8F3CD6BB36D3BCD38 /* BalanceDecisionRecord.swift */ = {isa = PBXFileReference; lastKnownFileType = sourcecode.swift; path = BalanceDecisionRecord.swift; sourceTree = "<group>"; };
		B6A240A4A08405C8D91821CD /* BalanceBoardSession.swift */ = {isa = PBXFileReference; lastKnownFileType = sourcecode.swift; path = BalanceBoardSession.swift; sourceTree = "<group>"; };
		BEDCB8C02350F6CC22C4DAAC /* OpenQuickCheckIntent.swift */ = {isa = PBXFileReference; lastKnownFileType = sourcecode.swift; path = OpenQuickCheckIntent.swift; sourceTree = "<group>"; };
		C5ACF20A0EA2C52984402595 /* DecisionRoutePreviewCard.swift */ = {isa = PBXFileReference; lastKnownFileType = sourcecode.swift; path = DecisionRoutePreviewCard.swift; sourceTree = "<group>"; };
		C7258A3716547911357AAAC2 /* Before.app */ = {isa = PBXFileReference; includeInIndex = 0; lastKnownFileType = wrapper.application; path = Before.app; sourceTree = BUILT_PRODUCTS_DIR; };
		C94A031C4F195FB7A25E444F /* ReminderSourceType.swift */ = {isa = PBXFileReference; lastKnownFileType = sourcecode.swift; path = ReminderSourceType.swift; sourceTree = "<group>"; };
		CC3ED6E2F02764281FE79FDD /* LaunchRequestResolver.swift */ = {isa = PBXFileReference; lastKnownFileType = sourcecode.swift; path = LaunchRequestResolver.swift; sourceTree = "<group>"; };
		CC7AFD8BAE5FD8656546EA60 /* ReminderSelectionPolicy.swift */ = {isa = PBXFileReference; lastKnownFileType = sourcecode.swift; path = ReminderSelectionPolicy.swift; sourceTree = "<group>"; };
		D14BBBFC879A75D527348A3A /* SharedContainerTests.swift */ = {isa = PBXFileReference; lastKnownFileType = sourcecode.swift; path = SharedContainerTests.swift; sourceTree = "<group>"; };
		D5476CF22FF1B67A4F1E4502 /* BalanceBoardEngineTests.swift */ = {isa = PBXFileReference; lastKnownFileType = sourcecode.swift; path = BalanceBoardEngineTests.swift; sourceTree = "<group>"; };
		D7CF7713B70A7CA75686CF11 /* BalanceBoardView.swift */ = {isa = PBXFileReference; lastKnownFileType = sourcecode.swift; path = BalanceBoardView.swift; sourceTree = "<group>"; };
		D8E5572ABD426B283792639F /* ReviewProfileView.swift */ = {isa = PBXFileReference; lastKnownFileType = sourcecode.swift; path = ReviewProfileView.swift; sourceTree = "<group>"; };
		DDB7F1306151CE6EAB2CA002 /* WidgetSafeCopy.swift */ = {isa = PBXFileReference; lastKnownFileType = sourcecode.swift; path = WidgetSafeCopy.swift; sourceTree = "<group>"; };
		DFDA8C2C4F4EB349F7763323 /* NotificationService.swift */ = {isa = PBXFileReference; lastKnownFileType = sourcecode.swift; path = NotificationService.swift; sourceTree = "<group>"; };
		E63D346FC718230713E7B30B /* SharedContainer.swift */ = {isa = PBXFileReference; lastKnownFileType = sourcecode.swift; path = SharedContainer.swift; sourceTree = "<group>"; };
		E70A414A2528AF11F510CD25 /* MirrorWorkspaceSession.swift */ = {isa = PBXFileReference; lastKnownFileType = sourcecode.swift; path = MirrorWorkspaceSession.swift; sourceTree = "<group>"; };
		E840ED006682BD4A660B8F99 /* HistoryDetailView.swift */ = {isa = PBXFileReference; lastKnownFileType = sourcecode.swift; path = HistoryDetailView.swift; sourceTree = "<group>"; };
		EAFAB4D7AB512041EFC3A51F /* OnboardingView.swift */ = {isa = PBXFileReference; lastKnownFileType = sourcecode.swift; path = OnboardingView.swift; sourceTree = "<group>"; };
		ED9ED7A91142A6380075D141 /* DecisionFieldSuggestionLibraryTests.swift */ = {isa = PBXFileReference; lastKnownFileType = sourcecode.swift; path = DecisionFieldSuggestionLibraryTests.swift; sourceTree = "<group>"; };
		EE5ECF006D7648F3C667BF84 /* DecisionReviewEngineTests.swift */ = {isa = PBXFileReference; lastKnownFileType = sourcecode.swift; path = DecisionReviewEngineTests.swift; sourceTree = "<group>"; };
		F1548E93121C0DEC8D3A983A /* ReflectionContext.swift */ = {isa = PBXFileReference; lastKnownFileType = sourcecode.swift; path = ReflectionContext.swift; sourceTree = "<group>"; };
		F5D6E8FDD046A39543E12464 /* MirrorDecisionRecord.swift */ = {isa = PBXFileReference; lastKnownFileType = sourcecode.swift; path = MirrorDecisionRecord.swift; sourceTree = "<group>"; };
		F9C0EC9BCB2856CEA2CDB928 /* DecisionModeRouterTests.swift */ = {isa = PBXFileReference; lastKnownFileType = sourcecode.swift; path = DecisionModeRouterTests.swift; sourceTree = "<group>"; };
/* End PBXFileReference section */

/* Begin PBXGroup section */
		006DF7D92E5F0C919CD53A13 /* BeforeWidgetExtension */ = {
			isa = PBXGroup;
			children = (
				5F7A4B71C9286A522BBDC902 /* BeforeWidget.swift */,
				8C770A8A464D7D5BFFD53D19 /* BeforeWidgetExtension.entitlements */,
				58B8955E44D8F1A24CF2D10D /* Info.plist */,
				967293202225B04C4A2F4660 /* Resources */,
			);
			path = BeforeWidgetExtension;
			sourceTree = "<group>";
		};
		090AA7A92F1FC3F542DC1A2B = {
			isa = PBXGroup;
			children = (
				ECEF44F1B998D1555E43DBA8 /* App */,
				8124C954763CC543DDBCC140 /* BeforeTests */,
				006DF7D92E5F0C919CD53A13 /* BeforeWidgetExtension */,
				A7489B33DB435994EFB2AACC /* Resources */,
				BB9F164FE9A95846F9654376 /* Shared */,
				AA7B7927FF322DF03C2DD326 /* Products */,
			);
			sourceTree = "<group>";
		};
		0E95EAAFDA1455308907DC3A /* History */ = {
			isa = PBXGroup;
			children = (
				E840ED006682BD4A660B8F99 /* HistoryDetailView.swift */,
				D8E5572ABD426B283792639F /* ReviewProfileView.swift */,
			);
			path = History;
			sourceTree = "<group>";
		};
		4DC1D398E5A675F979BDEBE1 /* Domain */ = {
			isa = PBXGroup;
			children = (
				0DAB364E56E5EA8CCC7204F3 /* BeforePolicy.swift */,
				4C1CF4BDBA8776C1E59C9B45 /* CheckAction.swift */,
				58C429E74F83380B3EB5DD21 /* CheckVerdict.swift */,
				8803C58B37023CB5C616CD7C /* DecisionMode.swift */,
				5263B35DEB9254806060CCA3 /* EntrySource.swift */,
				28559294F554136C5D9334B2 /* QuickBufferDuration.swift */,
				AB8A05C41C31FF92FED7AB83 /* QuickCheckAnswers.swift */,
				1F68FB2BE9FA50C05DD3BB89 /* QuickCheckInput.swift */,
				F1548E93121C0DEC8D3A983A /* ReflectionContext.swift */,
				C94A031C4F195FB7A25E444F /* ReminderSourceType.swift */,
				79FE2701FB38D185371AA573 /* ScenarioType.swift */,
			);
			path = Domain;
			sourceTree = "<group>";
		};
		6A5B51D56823337DA63A0C87 /* Services */ = {
			isa = PBXGroup;
			children = (
				7ACE14AA595C9EA5B7FEB035 /* ActiveDecisionWorkspaceStore.swift */,
				B6A240A4A08405C8D91821CD /* BalanceBoardSession.swift */,
				2FF0AE4C04AAF5821C532270 /* BeforeAppModel.swift */,
				A2710C9DCEDCB00295552131 /* BeforePreferencesStore.swift */,
				8FDBF1730457BB2E21337458 /* DecisionRecordRestoration.swift */,
				7B2D947D30BE6BCB8C3A28A6 /* DecisionReviewEngine.swift */,
				1D900CAAC9F53880921790B3 /* DecisionStarterLibrary.swift */,
				E70A414A2528AF11F510CD25 /* MirrorWorkspaceSession.swift */,
				DFDA8C2C4F4EB349F7763323 /* NotificationService.swift */,
				2CEADE1FA1884D9F8FEB7950 /* PendingReflectionStore.swift */,
				922541BCCDEEF8FA8FE5E169 /* PersistenceBootstrap.swift */,
				7BAE04A71B8826BDE45EAF6E /* QuickCheckSession.swift */,
				CC7AFD8BAE5FD8656546EA60 /* ReminderSelectionPolicy.swift */,
			);
			path = Services;
			sourceTree = "<group>";
		};
		78ADB228AB5075F251F83673 /* Engine */ = {
			isa = PBXGroup;
			children = (
				1CB16610FFDAC0B269A585C1 /* BalanceBoardEngine.swift */,
				4F454C1445FA6FD73087FAC8 /* CheckRuleEngine.swift */,
				66E54FE3709A309C60A79794 /* DecisionFieldSuggestionLibrary.swift */,
				44CADF38945C264E4DE6F821 /* DecisionModeRouter.swift */,
				CC3ED6E2F02764281FE79FDD /* LaunchRequestResolver.swift */,
				A05E06826B9C52DE8D6875DC /* MirrorEngine.swift */,
				18D1942BFFCAF7130FAF127F /* ReminderTemplateLibrary.swift */,
				DDB7F1306151CE6EAB2CA002 /* WidgetSafeCopy.swift */,
			);
			path = Engine;
			sourceTree = "<group>";
		};
		7B72A7D97535BB90C4E4F3CB /* Intents */ = {
			isa = PBXGroup;
			children = (
				BEDCB8C02350F6CC22C4DAAC /* OpenQuickCheckIntent.swift */,
			);
			path = Intents;
			sourceTree = "<group>";
		};
		8124C954763CC543DDBCC140 /* BeforeTests */ = {
			isa = PBXGroup;
			children = (
				91300F510722B505F828AB0B /* ActiveDecisionWorkspaceStoreTests.swift */,
				D5476CF22FF1B67A4F1E4502 /* BalanceBoardEngineTests.swift */,
				4FC15551C8847566B4860806 /* BeforePreferencesStoreTests.swift */,
				A9E33F27723396B6B342EB59 /* CheckRuleEngineTests.swift */,
				ED9ED7A91142A6380075D141 /* DecisionFieldSuggestionLibraryTests.swift */,
				F9C0EC9BCB2856CEA2CDB928 /* DecisionModeRouterTests.swift */,
				438899EA716D6093E4500048 /* DecisionRecordRestorationTests.swift */,
				EE5ECF006D7648F3C667BF84 /* DecisionReviewEngineTests.swift */,
				9A5EC40417B021F9CAFFD08C /* DecisionStarterLibraryTests.swift */,
				63658AD94D911459300CDB15 /* HomePromptActionTests.swift */,
				5DF9D3F05358E50DCC11E2AF /* LaunchRequestResolverTests.swift */,
				734F52EF13FFB8B1DA81BC96 /* MirrorEngineTests.swift */,
				12B18D0B36378C98DA6A44EA /* NotificationServiceTests.swift */,
				2AF30BA404040B6ECD5A2652 /* PendingLaunchRequestStoreTests.swift */,
				6DC1B3E111B5D1197CEB7CDA /* QuickBufferDurationTests.swift */,
				7152E91B0D3E0D96AA280B51 /* ReminderSelectionPolicyTests.swift */,
				572E58A5A6D0778DCAD31234 /* ReminderTemplateLibraryTests.swift */,
				D14BBBFC879A75D527348A3A /* SharedContainerTests.swift */,
				1D9B5A5DF817EBD959F0B018 /* TomorrowBoxDraftTests.swift */,
				5E7431FC89A250D4D0C9BB0B /* WidgetSafeCopyTests.swift */,
			);
			path = BeforeTests;
			sourceTree = "<group>";
		};
		8B972FF007C0870EE6C5156B /* Views */ = {
			isa = PBXGroup;
			children = (
				546368DC120CDB70926CB195 /* HistoryView.swift */,
				93C10CF269564FEA13A19731 /* HomeView.swift */,
				EAFAB4D7AB512041EFC3A51F /* OnboardingView.swift */,
				7084BBE94DCFAE7AF1AF2241 /* ReflectionPromptView.swift */,
				5DA7D45B4CAAA3B24DDA4B1F /* RootTabView.swift */,
				AEF88B8304CF7F148F06C204 /* SettingsView.swift */,
				9981DC0C62B0CC0F075EDC39 /* TomorrowBoxView.swift */,
				E46CE63B809FBD736753B6CF /* Balance */,
				D5D425E8A672E6C29C1D4857 /* Components */,
				0E95EAAFDA1455308907DC3A /* History */,
				D908300F57FF619FD2400FFC /* Mirror */,
				9D5D3A045DC1E3AFE287689B /* QuickCheck */,
			);
			path = Views;
			sourceTree = "<group>";
		};
		967293202225B04C4A2F4660 /* Resources */ = {
			isa = PBXGroup;
			children = (
				2FC0E53534B32B214E62F4E5 /* Assets.xcassets */,
			);
			path = Resources;
			sourceTree = "<group>";
		};
		9CFB33B8893CA8D6E8FFE360 /* Theme */ = {
			isa = PBXGroup;
			children = (
				3FBEC07A4802202A55F07273 /* BeforeTheme.swift */,
			);
			path = Theme;
			sourceTree = "<group>";
		};
		9D5D3A045DC1E3AFE287689B /* QuickCheck */ = {
			isa = PBXGroup;
			children = (
				808EB61307CDE69C81AE5BBE /* QuickCheckView.swift */,
				AA6E1FD7F02BE18A0F653DE4 /* ResultView.swift */,
				4DFE4FB1A6B9A76AD2AD80E3 /* WaitView.swift */,
			);
			path = QuickCheck;
			sourceTree = "<group>";
		};
		A7489B33DB435994EFB2AACC /* Resources */ = {
			isa = PBXGroup;
			children = (
				9E202C386FB4EE9167AE769C /* Assets.xcassets */,
			);
			name = Resources;
			path = Before/Resources;
			sourceTree = "<group>";
		};
		AA7B7927FF322DF03C2DD326 /* Products */ = {
			isa = PBXGroup;
			children = (
				C7258A3716547911357AAAC2 /* Before.app */,
				2674B942E6DC6FD9A34FD9C8 /* BeforeTests.xctest */,
				01576E7A17B752C41D1A782C /* BeforeWidgetExtension.appex */,
			);
			name = Products;
			sourceTree = "<group>";
		};
		BB9F164FE9A95846F9654376 /* Shared */ = {
			isa = PBXGroup;
			children = (
				4DC1D398E5A675F979BDEBE1 /* Domain */,
				78ADB228AB5075F251F83673 /* Engine */,
				7B72A7D97535BB90C4E4F3CB /* Intents */,
				C74A410B48EC3195D8849256 /* Storage */,
				9CFB33B8893CA8D6E8FFE360 /* Theme */,
			);
			name = Shared;
			path = Before/Shared;
			sourceTree = "<group>";
		};
		C74A410B48EC3195D8849256 /* Storage */ = {
			isa = PBXGroup;
			children = (
				0E0334A8565803EF7707BB38 /* PendingLaunchRequestStore.swift */,
				E63D346FC718230713E7B30B /* SharedContainer.swift */,
				2BF5DACA08082B764C73C19F /* WidgetSnapshot.swift */,
			);
			path = Storage;
			sourceTree = "<group>";
		};
		D5D425E8A672E6C29C1D4857 /* Components */ = {
			isa = PBXGroup;
			children = (
				2A7B6A83F0C81717A9A5D601 /* BeforeActionButton.swift */,
				788D0A8A1D8137BDA6A5EDE0 /* BeforeBackground.swift */,
				A25779E30F91D917702DC456 /* DecisionModeCard.swift */,
				C5ACF20A0EA2C52984402595 /* DecisionRoutePreviewCard.swift */,
				0878363BE996C18206470FE0 /* GuidedInputCard.swift */,
				32B421144DE1D5D71F3CFC70 /* PanelCard.swift */,
				A61DB79FB9E3DC311CE85256 /* SectionHeader.swift */,
				05412B6E47A277E56EC0236E /* StarterPromptRow.swift */,
			);
			path = Components;
			sourceTree = "<group>";
		};
		D908300F57FF619FD2400FFC /* Mirror */ = {
			isa = PBXGroup;
			children = (
				1BED0BAF2ABAEA84E963BDD1 /* MirrorWorkspaceView.swift */,
			);
			path = Mirror;
			sourceTree = "<group>";
		};
		E46CE63B809FBD736753B6CF /* Balance */ = {
			isa = PBXGroup;
			children = (
				D7CF7713B70A7CA75686CF11 /* BalanceBoardView.swift */,
			);
			path = Balance;
			sourceTree = "<group>";
		};
		ECEF44F1B998D1555E43DBA8 /* App */ = {
			isa = PBXGroup;
			children = (
				1A4C5AF61DAB5CE975809C4D /* Before.entitlements */,
				9A6F46446EAB4BE1B81889BC /* BeforeApp.swift */,
				FA95944434B8EB5E1CBAD327 /* Models */,
				6A5B51D56823337DA63A0C87 /* Services */,
				8B972FF007C0870EE6C5156B /* Views */,
			);
			name = App;
			path = Before/App;
			sourceTree = "<group>";
		};
		FA95944434B8EB5E1CBAD327 /* Models */ = {
			isa = PBXGroup;
			children = (
				B01437D8F3CD6BB36D3BCD38 /* BalanceDecisionRecord.swift */,
				5CB33E572D887CB4574F01A2 /* CheckEvent.swift */,
				F5D6E8FDD046A39543E12464 /* MirrorDecisionRecord.swift */,
				3B469617D4620292515EC675 /* SelfReminder.swift */,
				4DDB21D625F2F95F5D016974 /* TomorrowBoxDraft.swift */,
				A5EAECB9C7486720CA147BCE /* TomorrowBoxItem.swift */,
			);
			path = Models;
			sourceTree = "<group>";
		};
/* End PBXGroup section */

/* Begin PBXNativeTarget section */
		2CE655EF0522BDA24E1B5AE4 /* BeforeTests */ = {
			isa = PBXNativeTarget;
			buildConfigurationList = 8625D0D8424A4E49B435FEE5 /* Build configuration list for PBXNativeTarget "BeforeTests" */;
			buildPhases = (
				AD0EEA89577A17A4821D0A6C /* Sources */,
			);
			buildRules = (
			);
			dependencies = (
				DB0565EA016E8F50A649A0B5 /* PBXTargetDependency */,
			);
			name = BeforeTests;
			packageProductDependencies = (
			);
			productName = BeforeTests;
			productReference = 2674B942E6DC6FD9A34FD9C8 /* BeforeTests.xctest */;
			productType = "com.apple.product-type.bundle.unit-test";
		};
		6B20317314DDC900999C505E /* Before */ = {
			isa = PBXNativeTarget;
			buildConfigurationList = 1CB6A02477D182C1114F435E /* Build configuration list for PBXNativeTarget "Before" */;
			buildPhases = (
				8222664F8CAA868719D4D280 /* Sources */,
				5504ADF334E346FB425BB66B /* Resources */,
				C16DABD84585E09CF9E3F9A5 /* Embed Foundation Extensions */,
			);
			buildRules = (
			);
			dependencies = (
				3006B5C6D6A56859DB5BEA32 /* PBXTargetDependency */,
			);
			name = Before;
			packageProductDependencies = (
			);
			productName = Before;
			productReference = C7258A3716547911357AAAC2 /* Before.app */;
			productType = "com.apple.product-type.application";
		};
		865A4C5052B47BCF917BE9C4 /* BeforeWidgetExtension */ = {
			isa = PBXNativeTarget;
			buildConfigurationList = 3BE3B1052367978066B281E6 /* Build configuration list for PBXNativeTarget "BeforeWidgetExtension" */;
			buildPhases = (
				9CD63A35F665ADE96DEECCD9 /* Sources */,
				E93B58130832A94EF191BAF4 /* Resources */,
			);
			buildRules = (
			);
			dependencies = (
			);
			name = BeforeWidgetExtension;
			packageProductDependencies = (
			);
			productName = BeforeWidgetExtension;
			productReference = 01576E7A17B752C41D1A782C /* BeforeWidgetExtension.appex */;
			productType = "com.apple.product-type.app-extension";
		};
/* End PBXNativeTarget section */

/* Begin PBXProject section */
		8D009C367D7606973570E20C /* Project object */ = {
			isa = PBXProject;
			attributes = {
				BuildIndependentTargetsInParallel = YES;
				LastUpgradeCheck = 1430;
				TargetAttributes = {
					2CE655EF0522BDA24E1B5AE4 = {
						DevelopmentTeam = "";
					};
					6B20317314DDC900999C505E = {
						DevelopmentTeam = "";
					};
					865A4C5052B47BCF917BE9C4 = {
						DevelopmentTeam = "";
					};
				};
			};
			buildConfigurationList = 304081BC175306747AFB6267 /* Build configuration list for PBXProject "Before" */;
			developmentRegion = en;
			hasScannedForEncodings = 0;
			knownRegions = (
				Base,
				en,
			);
			mainGroup = 090AA7A92F1FC3F542DC1A2B;
			minimizedProjectReferenceProxies = 1;
			preferredProjectObjectVersion = 77;
			productRefGroup = AA7B7927FF322DF03C2DD326 /* Products */;
			projectDirPath = "";
			projectRoot = "";
			targets = (
				6B20317314DDC900999C505E /* Before */,
				2CE655EF0522BDA24E1B5AE4 /* BeforeTests */,
				865A4C5052B47BCF917BE9C4 /* BeforeWidgetExtension */,
			);
		};
/* End PBXProject section */

/* Begin PBXResourcesBuildPhase section */
		5504ADF334E346FB425BB66B /* Resources */ = {
			isa = PBXResourcesBuildPhase;
			buildActionMask = 2147483647;
			files = (
				6E573D5E99FFD7D4ED011B62 /* Assets.xcassets in Resources */,
			);
			runOnlyForDeploymentPostprocessing = 0;
		};
		E93B58130832A94EF191BAF4 /* Resources */ = {
			isa = PBXResourcesBuildPhase;
			buildActionMask = 2147483647;
			files = (
				62BC59F28EFB73407F848C35 /* Assets.xcassets in Resources */,
			);
			runOnlyForDeploymentPostprocessing = 0;
		};
/* End PBXResourcesBuildPhase section */

/* Begin PBXSourcesBuildPhase section */
		8222664F8CAA868719D4D280 /* Sources */ = {
			isa = PBXSourcesBuildPhase;
			buildActionMask = 2147483647;
			files = (
				464F2EAD3B73B90469A0C6B3 /* ActiveDecisionWorkspaceStore.swift in Sources */,
				CE80525173BB79B9E09164E9 /* BalanceBoardEngine.swift in Sources */,
				E4E307C29DC37CDB3C88DB3F /* BalanceBoardSession.swift in Sources */,
				0FD53A0F07BBFAB768372B95 /* BalanceBoardView.swift in Sources */,
				69B6E60E25E2CA40F4B4C372 /* BalanceDecisionRecord.swift in Sources */,
				AB3F4D0488D9E91CC8AF7E64 /* BeforeActionButton.swift in Sources */,
				BD34C65E13DED107DB483BB7 /* BeforeApp.swift in Sources */,
				A1F587F508885CC983D3AE50 /* BeforeAppModel.swift in Sources */,
				09C7278F68876D47C852BB34 /* BeforeBackground.swift in Sources */,
				22ECFF18FE978AC0BAD75802 /* BeforePolicy.swift in Sources */,
				871E06E7FAE5D00902A2F89D /* BeforePreferencesStore.swift in Sources */,
				3E42715FBE871E2C86C124F4 /* BeforeTheme.swift in Sources */,
				9375F89FA25D82B0679A4A99 /* CheckAction.swift in Sources */,
				08E0CF120EEAFE9A355FA71F /* CheckEvent.swift in Sources */,
				0CE526D8FB890D53DAA2B4D7 /* CheckRuleEngine.swift in Sources */,
				8D6E53B8156501A71CF98272 /* CheckVerdict.swift in Sources */,
				86C0AF0FFC0C65E491F002E2 /* DecisionFieldSuggestionLibrary.swift in Sources */,
				0E3E39505C17952EE5C84880 /* DecisionMode.swift in Sources */,
				D95E6740672BA7080A66DF1D /* DecisionModeCard.swift in Sources */,
				167EC3CF0549AAFEED0A0940 /* DecisionModeRouter.swift in Sources */,
				40CDCC53B762BF3B98144AF4 /* DecisionRecordRestoration.swift in Sources */,
				A67CDCCE9D03D5DBB3D500FB /* DecisionReviewEngine.swift in Sources */,
				67EE16CD290619AAB8F5A647 /* DecisionRoutePreviewCard.swift in Sources */,
				1B16408FE6065B5938D2C51C /* DecisionStarterLibrary.swift in Sources */,
				BA99C96ABD658EADEE79DE5B /* EntrySource.swift in Sources */,
				BC119E173C9725E0DD522AD7 /* GuidedInputCard.swift in Sources */,
				6B27C4A3750F2A7978B425D3 /* HistoryDetailView.swift in Sources */,
				873075573792938B474AE0C9 /* HistoryView.swift in Sources */,
				4748856CD39AAB0011CC84A1 /* HomeView.swift in Sources */,
				61ABFAE2B9337149D8BF6BAB /* LaunchRequestResolver.swift in Sources */,
				E884F883F82E83FF0E329D1E /* MirrorDecisionRecord.swift in Sources */,
				2243D36D33F343B82F81029E /* MirrorEngine.swift in Sources */,
				1912360C43CECEE3A107BBE2 /* MirrorWorkspaceSession.swift in Sources */,
				0D0C1EC99FE870F6BE703F32 /* MirrorWorkspaceView.swift in Sources */,
				EAD6DE99C58C6F34D6D34AED /* NotificationService.swift in Sources */,
				803A163B61B327AD0E611DEE /* OnboardingView.swift in Sources */,
				5163F8D746F1CF079AB765D5 /* OpenQuickCheckIntent.swift in Sources */,
				F6130B346740F14D025CE845 /* PanelCard.swift in Sources */,
				6461C907703FF797BE2E2203 /* PendingLaunchRequestStore.swift in Sources */,
				30B7C7F83352774B5CB49CB7 /* PendingReflectionStore.swift in Sources */,
				8B2CA2CE45540D3CDE6F2B9B /* PersistenceBootstrap.swift in Sources */,
				FF8818ABD3CE2840697F5DB9 /* QuickBufferDuration.swift in Sources */,
				99EB5E6E65F34A2038B1A57F /* QuickCheckAnswers.swift in Sources */,
				79EF067AA3100DD4F6B27CDC /* QuickCheckInput.swift in Sources */,
				D8C10F91552AED40EC948DFC /* QuickCheckSession.swift in Sources */,
				2FBA7E9C24DACAA361AE1A87 /* QuickCheckView.swift in Sources */,
				D2A5EF3042DD67410183A43E /* ReflectionContext.swift in Sources */,
				858897610D7AC7359FD19BE9 /* ReflectionPromptView.swift in Sources */,
				BBC8A21467AE24FDE91F1294 /* ReminderSelectionPolicy.swift in Sources */,
				7E702A3E19D063CE60540333 /* ReminderSourceType.swift in Sources */,
				0EC6DD9A7FE63C6850AC8D9B /* ReminderTemplateLibrary.swift in Sources */,
				1C817A6C32A9FDB942853C9E /* ResultView.swift in Sources */,
				7394A450478981915DEC7373 /* ReviewProfileView.swift in Sources */,
				7070B692F04D90FC904D5BD9 /* RootTabView.swift in Sources */,
				8FAC775FD6270B1BF688FA4A /* ScenarioType.swift in Sources */,
				CCAD0045602DBB2FD0D006B4 /* SectionHeader.swift in Sources */,
				6667D470E86E61D402FB4170 /* SelfReminder.swift in Sources */,
				BF8749721BE6FDA0E6D26222 /* SettingsView.swift in Sources */,
				BB67511098C3741B7E832995 /* SharedContainer.swift in Sources */,
				A6F69284943D1182E1B51CAF /* StarterPromptRow.swift in Sources */,
				514E8C0F9F44F8BAE2173DDB /* TomorrowBoxDraft.swift in Sources */,
				91FCA41E7AC8B16CB8884144 /* TomorrowBoxItem.swift in Sources */,
				25229166B79487699A5BE43C /* TomorrowBoxView.swift in Sources */,
				AD18C6CEDD62926AF684ABB1 /* WaitView.swift in Sources */,
				98BC1C5960398A586CABADAC /* WidgetSafeCopy.swift in Sources */,
				71D13CEFCF19E703C90BEDE1 /* WidgetSnapshot.swift in Sources */,
			);
			runOnlyForDeploymentPostprocessing = 0;
		};
		9CD63A35F665ADE96DEECCD9 /* Sources */ = {
			isa = PBXSourcesBuildPhase;
			buildActionMask = 2147483647;
			files = (
				0B3DB7350AD390CF01A8FB61 /* BalanceBoardEngine.swift in Sources */,
				1C369C889014AD149DC50FD4 /* BeforePolicy.swift in Sources */,
				52737B94451BEBEE58D6A018 /* BeforeTheme.swift in Sources */,
				C46A50ABD5DCD6B7FC47FFE3 /* BeforeWidget.swift in Sources */,
				C68A6B36A45AE8D6D6249813 /* CheckAction.swift in Sources */,
				DC772636D1CBA8BC844DAF50 /* CheckRuleEngine.swift in Sources */,
				EAE10804F80292499C127ABB /* CheckVerdict.swift in Sources */,
				90F60CB4116980D6BFEA9523 /* DecisionFieldSuggestionLibrary.swift in Sources */,
				EAFB12A3676EAF72B6BC9989 /* DecisionMode.swift in Sources */,
				CCB15F44F3F2C2C27384875B /* DecisionModeRouter.swift in Sources */,
				66D7DD242C25DB82A472CFAE /* EntrySource.swift in Sources */,
				97229440C03B71286BB0544A /* LaunchRequestResolver.swift in Sources */,
				EBDFA747E00D674AE132B4C8 /* MirrorEngine.swift in Sources */,
				71293BD1BD9D0F5447F6F982 /* OpenQuickCheckIntent.swift in Sources */,
				3671D50FE2556C6C7D0E7FA4 /* PendingLaunchRequestStore.swift in Sources */,
				E2D1DA742604121A137BEADE /* QuickBufferDuration.swift in Sources */,
				486753A8A1E653585E9C636F /* QuickCheckAnswers.swift in Sources */,
				BDE7FDE600641BE0BC49A9A2 /* QuickCheckInput.swift in Sources */,
				7434A9168F97379B3085C717 /* ReflectionContext.swift in Sources */,
				A03889B80C579D9036380803 /* ReminderSourceType.swift in Sources */,
				D508BAC239303E3FE5A18318 /* ReminderTemplateLibrary.swift in Sources */,
				AA8B9D1227CD427C509C62B4 /* ScenarioType.swift in Sources */,
				CF27D67C84FD09BF673A2FDB /* SharedContainer.swift in Sources */,
				A1F804F13673E29E07AFAE94 /* WidgetSafeCopy.swift in Sources */,
				9E036C4D8BB751D3930E0657 /* WidgetSnapshot.swift in Sources */,
			);
			runOnlyForDeploymentPostprocessing = 0;
		};
		AD0EEA89577A17A4821D0A6C /* Sources */ = {
			isa = PBXSourcesBuildPhase;
			buildActionMask = 2147483647;
			files = (
				F374442A214A8ADA30095D13 /* ActiveDecisionWorkspaceStoreTests.swift in Sources */,
				CC15D4EE356A7EB095BD13DE /* BalanceBoardEngineTests.swift in Sources */,
				2D4A09066D8554D48DDA9195 /* BeforePreferencesStoreTests.swift in Sources */,
				EC4B3A79C4659AFCAD798083 /* CheckRuleEngineTests.swift in Sources */,
				BB74CD533C51228C40787E52 /* DecisionFieldSuggestionLibraryTests.swift in Sources */,
				A0DC2D7A24785D3A66F7BA8A /* DecisionModeRouterTests.swift in Sources */,
				D99FF9332959DCD349DD6FF6 /* DecisionRecordRestorationTests.swift in Sources */,
				11F77E80EE0F2B45F51AE79E /* DecisionReviewEngineTests.swift in Sources */,
				52C12D06470D02C5A92EE481 /* DecisionStarterLibraryTests.swift in Sources */,
				F8234276CF94ACFD29BA7372 /* HomePromptActionTests.swift in Sources */,
				A4C6F0721574B7ADAF7D388A /* LaunchRequestResolverTests.swift in Sources */,
				3FA6A6CEB2949EBCAEC944FF /* MirrorEngineTests.swift in Sources */,
				B6401C0BE7236DB94F7E0FD4 /* NotificationServiceTests.swift in Sources */,
				402984E1B9C592B27915A179 /* PendingLaunchRequestStoreTests.swift in Sources */,
				A4B068D6281F83631F485E33 /* QuickBufferDurationTests.swift in Sources */,
				E86301EA0C43918C3B37E1C6 /* ReminderSelectionPolicyTests.swift in Sources */,
				3E057C871B016661F9EBC629 /* ReminderTemplateLibraryTests.swift in Sources */,
				542CC720483001216062BDAF /* SharedContainerTests.swift in Sources */,
				97C51D0659C57FEAD7D96D35 /* TomorrowBoxDraftTests.swift in Sources */,
				5888AC82F3C7C85C034AB622 /* WidgetSafeCopyTests.swift in Sources */,
			);
			runOnlyForDeploymentPostprocessing = 0;
		};
/* End PBXSourcesBuildPhase section */

/* Begin PBXTargetDependency section */
		3006B5C6D6A56859DB5BEA32 /* PBXTargetDependency */ = {
			isa = PBXTargetDependency;
			target = 865A4C5052B47BCF917BE9C4 /* BeforeWidgetExtension */;
			targetProxy = F558D49385931EB9A220368F /* PBXContainerItemProxy */;
		};
		DB0565EA016E8F50A649A0B5 /* PBXTargetDependency */ = {
			isa = PBXTargetDependency;
			target = 6B20317314DDC900999C505E /* Before */;
			targetProxy = 40FF0AEC9FEA98F69F65DC02 /* PBXContainerItemProxy */;
		};
/* End PBXTargetDependency section */

/* Begin XCBuildConfiguration section */
		2DCC98678690A8F7A0A31F65 /* Debug */ = {
			isa = XCBuildConfiguration;
			buildSettings = {
				BUNDLE_LOADER = "$(TEST_HOST)";
				GENERATE_INFOPLIST_FILE = YES;
				IPHONEOS_DEPLOYMENT_TARGET = 18.0;
				LD_RUNPATH_SEARCH_PATHS = (
					"$(inherited)",
					"@executable_path/Frameworks",
					"@loader_path/Frameworks",
				);
				PRODUCT_BUNDLE_IDENTIFIER = com.changgeng.before.tests;
				SDKROOT = iphoneos;
				TARGETED_DEVICE_FAMILY = "1,2";
				TEST_HOST = "$(BUILT_PRODUCTS_DIR)/Before.app/Before";
			};
			name = Debug;
		};
		5D328FA2106907FEC6DE2F41 /* Release */ = {
			isa = XCBuildConfiguration;
			buildSettings = {
				ASSETCATALOG_COMPILER_APPICON_NAME = "";
				CODE_SIGN_ENTITLEMENTS = Before/App/Before.entitlements;
				CODE_SIGN_IDENTITY = "iPhone Developer";
				INFOPLIST_KEY_CFBundleDisplayName = Before;
				INFOPLIST_KEY_LSApplicationCategoryType = "public.app-category.productivity";
				INFOPLIST_KEY_NSWidgetWantsLocation = NO;
				INFOPLIST_KEY_UIApplicationSceneManifest_Generation = YES;
				INFOPLIST_KEY_UILaunchScreen_Generation = YES;
				IPHONEOS_DEPLOYMENT_TARGET = 18.0;
				LD_RUNPATH_SEARCH_PATHS = (
					"$(inherited)",
					"@executable_path/Frameworks",
				);
				PRODUCT_BUNDLE_IDENTIFIER = com.changgeng.before;
				PRODUCT_NAME = Before;
				SDKROOT = iphoneos;
				TARGETED_DEVICE_FAMILY = "1,2";
			};
			name = Release;
		};
		6C8047DCED10297E600F7CA6 /* Release */ = {
			isa = XCBuildConfiguration;
			buildSettings = {
				APPLICATION_EXTENSION_API_ONLY = YES;
				ASSETCATALOG_COMPILER_APPICON_NAME = "";
				CODE_SIGN_ENTITLEMENTS = BeforeWidgetExtension/BeforeWidgetExtension.entitlements;
				GENERATE_INFOPLIST_FILE = NO;
				INFOPLIST_FILE = BeforeWidgetExtension/Info.plist;
				IPHONEOS_DEPLOYMENT_TARGET = 18.0;
				LD_RUNPATH_SEARCH_PATHS = (
					"$(inherited)",
					"@executable_path/Frameworks",
					"@executable_path/../../Frameworks",
				);
				PRODUCT_BUNDLE_IDENTIFIER = com.changgeng.before.widget;
				PRODUCT_NAME = BeforeWidgetExtension;
				SDKROOT = iphoneos;
				SKIP_INSTALL = YES;
				TARGETED_DEVICE_FAMILY = "1,2";
			};
			name = Release;
		};
		B2156C956040ADD08E377FE2 /* Debug */ = {
			isa = XCBuildConfiguration;
			buildSettings = {
				ASSETCATALOG_COMPILER_APPICON_NAME = "";
				CODE_SIGN_ENTITLEMENTS = Before/App/Before.entitlements;
				CODE_SIGN_IDENTITY = "iPhone Developer";
				INFOPLIST_KEY_CFBundleDisplayName = Before;
				INFOPLIST_KEY_LSApplicationCategoryType = "public.app-category.productivity";
				INFOPLIST_KEY_NSWidgetWantsLocation = NO;
				INFOPLIST_KEY_UIApplicationSceneManifest_Generation = YES;
				INFOPLIST_KEY_UILaunchScreen_Generation = YES;
				IPHONEOS_DEPLOYMENT_TARGET = 18.0;
				LD_RUNPATH_SEARCH_PATHS = (
					"$(inherited)",
					"@executable_path/Frameworks",
				);
				PRODUCT_BUNDLE_IDENTIFIER = com.changgeng.before;
				PRODUCT_NAME = Before;
				SDKROOT = iphoneos;
				TARGETED_DEVICE_FAMILY = "1,2";
			};
			name = Debug;
		};
		D3C3DA0828F2A57577EDA6C1 /* Debug */ = {
			isa = XCBuildConfiguration;
			buildSettings = {
				APPLICATION_EXTENSION_API_ONLY = YES;
				ASSETCATALOG_COMPILER_APPICON_NAME = "";
				CODE_SIGN_ENTITLEMENTS = BeforeWidgetExtension/BeforeWidgetExtension.entitlements;
				GENERATE_INFOPLIST_FILE = NO;
				INFOPLIST_FILE = BeforeWidgetExtension/Info.plist;
				IPHONEOS_DEPLOYMENT_TARGET = 18.0;
				LD_RUNPATH_SEARCH_PATHS = (
					"$(inherited)",
					"@executable_path/Frameworks",
					"@executable_path/../../Frameworks",
				);
				PRODUCT_BUNDLE_IDENTIFIER = com.changgeng.before.widget;
				PRODUCT_NAME = BeforeWidgetExtension;
				SDKROOT = iphoneos;
				SKIP_INSTALL = YES;
				TARGETED_DEVICE_FAMILY = "1,2";
			};
			name = Debug;
		};
		EB7B1DEE3D6137E901AE4C68 /* Debug */ = {
			isa = XCBuildConfiguration;
			buildSettings = {
				ALWAYS_SEARCH_USER_PATHS = NO;
				CLANG_ANALYZER_NONNULL = YES;
				CLANG_ANALYZER_NUMBER_OBJECT_CONVERSION = YES_AGGRESSIVE;
				CLANG_CXX_LANGUAGE_STANDARD = "gnu++14";
				CLANG_CXX_LIBRARY = "libc++";
				CLANG_ENABLE_MODULES = YES;
				CLANG_ENABLE_OBJC_ARC = YES;
				CLANG_ENABLE_OBJC_WEAK = YES;
				CLANG_WARN_BLOCK_CAPTURE_AUTORELEASING = YES;
				CLANG_WARN_BOOL_CONVERSION = YES;
				CLANG_WARN_COMMA = YES;
				CLANG_WARN_CONSTANT_CONVERSION = YES;
				CLANG_WARN_DEPRECATED_OBJC_IMPLEMENTATIONS = YES;
				CLANG_WARN_DIRECT_OBJC_ISA_USAGE = YES_ERROR;
				CLANG_WARN_DOCUMENTATION_COMMENTS = YES;
				CLANG_WARN_EMPTY_BODY = YES;
				CLANG_WARN_ENUM_CONVERSION = YES;
				CLANG_WARN_INFINITE_RECURSION = YES;
				CLANG_WARN_INT_CONVERSION = YES;
				CLANG_WARN_NON_LITERAL_NULL_CONVERSION = YES;
				CLANG_WARN_OBJC_IMPLICIT_RETAIN_SELF = YES;
				CLANG_WARN_OBJC_LITERAL_CONVERSION = YES;
				CLANG_WARN_OBJC_ROOT_CLASS = YES_ERROR;
				CLANG_WARN_QUOTED_INCLUDE_IN_FRAMEWORK_HEADER = YES;
				CLANG_WARN_RANGE_LOOP_ANALYSIS = YES;
				CLANG_WARN_STRICT_PROTOTYPES = YES;
				CLANG_WARN_SUSPICIOUS_MOVE = YES;
				CLANG_WARN_UNGUARDED_AVAILABILITY = YES_AGGRESSIVE;
				CLANG_WARN_UNREACHABLE_CODE = YES;
				CLANG_WARN__DUPLICATE_METHOD_MATCH = YES;
				COPY_PHASE_STRIP = NO;
				CURRENT_PROJECT_VERSION = 1;
				DEBUG_INFORMATION_FORMAT = dwarf;
				DEVELOPMENT_TEAM = "";
				ENABLE_STRICT_OBJC_MSGSEND = YES;
				ENABLE_TESTABILITY = YES;
				GCC_C_LANGUAGE_STANDARD = gnu11;
				GCC_DYNAMIC_NO_PIC = NO;
				GCC_NO_COMMON_BLOCKS = YES;
				GCC_OPTIMIZATION_LEVEL = 0;
				GCC_PREPROCESSOR_DEFINITIONS = (
					"$(inherited)",
					"DEBUG=1",
				);
				GCC_WARN_64_TO_32_BIT_CONVERSION = YES;
				GCC_WARN_ABOUT_RETURN_TYPE = YES_ERROR;
				GCC_WARN_UNDECLARED_SELECTOR = YES;
				GCC_WARN_UNINITIALIZED_AUTOS = YES_AGGRESSIVE;
				GCC_WARN_UNUSED_FUNCTION = YES;
				GCC_WARN_UNUSED_VARIABLE = YES;
				GENERATE_INFOPLIST_FILE = YES;
				IPHONEOS_DEPLOYMENT_TARGET = 18.0;
				MARKETING_VERSION = 1.0;
				MTL_ENABLE_DEBUG_INFO = INCLUDE_SOURCE;
				MTL_FAST_MATH = YES;
				ONLY_ACTIVE_ARCH = YES;
				PRODUCT_NAME = "$(TARGET_NAME)";
				SDKROOT = iphoneos;
				SUPPORTS_MACCATALYST = NO;
				SWIFT_ACTIVE_COMPILATION_CONDITIONS = DEBUG;
				SWIFT_OPTIMIZATION_LEVEL = "-Onone";
				SWIFT_VERSION = 6.0;
				TARGETED_DEVICE_FAMILY = 1;
			};
			name = Debug;
		};
		F8353FAF15E705EB515D4FCE /* Release */ = {
			isa = XCBuildConfiguration;
			buildSettings = {
				BUNDLE_LOADER = "$(TEST_HOST)";
				GENERATE_INFOPLIST_FILE = YES;
				IPHONEOS_DEPLOYMENT_TARGET = 18.0;
				LD_RUNPATH_SEARCH_PATHS = (
					"$(inherited)",
					"@executable_path/Frameworks",
					"@loader_path/Frameworks",
				);
				PRODUCT_BUNDLE_IDENTIFIER = com.changgeng.before.tests;
				SDKROOT = iphoneos;
				TARGETED_DEVICE_FAMILY = "1,2";
				TEST_HOST = "$(BUILT_PRODUCTS_DIR)/Before.app/Before";
			};
			name = Release;
		};
		FAED4548550AE52D26C5FF21 /* Release */ = {
			isa = XCBuildConfiguration;
			buildSettings = {
				ALWAYS_SEARCH_USER_PATHS = NO;
				CLANG_ANALYZER_NONNULL = YES;
				CLANG_ANALYZER_NUMBER_OBJECT_CONVERSION = YES_AGGRESSIVE;
				CLANG_CXX_LANGUAGE_STANDARD = "gnu++14";
				CLANG_CXX_LIBRARY = "libc++";
				CLANG_ENABLE_MODULES = YES;
				CLANG_ENABLE_OBJC_ARC = YES;
				CLANG_ENABLE_OBJC_WEAK = YES;
				CLANG_WARN_BLOCK_CAPTURE_AUTORELEASING = YES;
				CLANG_WARN_BOOL_CONVERSION = YES;
				CLANG_WARN_COMMA = YES;
				CLANG_WARN_CONSTANT_CONVERSION = YES;
				CLANG_WARN_DEPRECATED_OBJC_IMPLEMENTATIONS = YES;
				CLANG_WARN_DIRECT_OBJC_ISA_USAGE = YES_ERROR;
				CLANG_WARN_DOCUMENTATION_COMMENTS = YES;
				CLANG_WARN_EMPTY_BODY = YES;
				CLANG_WARN_ENUM_CONVERSION = YES;
				CLANG_WARN_INFINITE_RECURSION = YES;
				CLANG_WARN_INT_CONVERSION = YES;
				CLANG_WARN_NON_LITERAL_NULL_CONVERSION = YES;
				CLANG_WARN_OBJC_IMPLICIT_RETAIN_SELF = YES;
				CLANG_WARN_OBJC_LITERAL_CONVERSION = YES;
				CLANG_WARN_OBJC_ROOT_CLASS = YES_ERROR;
				CLANG_WARN_QUOTED_INCLUDE_IN_FRAMEWORK_HEADER = YES;
				CLANG_WARN_RANGE_LOOP_ANALYSIS = YES;
				CLANG_WARN_STRICT_PROTOTYPES = YES;
				CLANG_WARN_SUSPICIOUS_MOVE = YES;
				CLANG_WARN_UNGUARDED_AVAILABILITY = YES_AGGRESSIVE;
				CLANG_WARN_UNREACHABLE_CODE = YES;
				CLANG_WARN__DUPLICATE_METHOD_MATCH = YES;
				COPY_PHASE_STRIP = NO;
				CURRENT_PROJECT_VERSION = 1;
				DEBUG_INFORMATION_FORMAT = "dwarf-with-dsym";
				DEVELOPMENT_TEAM = "";
				ENABLE_NS_ASSERTIONS = NO;
				ENABLE_STRICT_OBJC_MSGSEND = YES;
				GCC_C_LANGUAGE_STANDARD = gnu11;
				GCC_NO_COMMON_BLOCKS = YES;
				GCC_WARN_64_TO_32_BIT_CONVERSION = YES;
				GCC_WARN_ABOUT_RETURN_TYPE = YES_ERROR;
				GCC_WARN_UNDECLARED_SELECTOR = YES;
				GCC_WARN_UNINITIALIZED_AUTOS = YES_AGGRESSIVE;
				GCC_WARN_UNUSED_FUNCTION = YES;
				GCC_WARN_UNUSED_VARIABLE = YES;
				GENERATE_INFOPLIST_FILE = YES;
				IPHONEOS_DEPLOYMENT_TARGET = 18.0;
				MARKETING_VERSION = 1.0;
				MTL_ENABLE_DEBUG_INFO = NO;
				MTL_FAST_MATH = YES;
				PRODUCT_NAME = "$(TARGET_NAME)";
				SDKROOT = iphoneos;
				SUPPORTS_MACCATALYST = NO;
				SWIFT_COMPILATION_MODE = wholemodule;
				SWIFT_OPTIMIZATION_LEVEL = "-O";
				SWIFT_VERSION = 6.0;
				TARGETED_DEVICE_FAMILY = 1;
			};
			name = Release;
		};
/* End XCBuildConfiguration section */

/* Begin XCConfigurationList section */
		1CB6A02477D182C1114F435E /* Build configuration list for PBXNativeTarget "Before" */ = {
			isa = XCConfigurationList;
			buildConfigurations = (
				B2156C956040ADD08E377FE2 /* Debug */,
				5D328FA2106907FEC6DE2F41 /* Release */,
			);
			defaultConfigurationIsVisible = 0;
			defaultConfigurationName = Debug;
		};
		304081BC175306747AFB6267 /* Build configuration list for PBXProject "Before" */ = {
			isa = XCConfigurationList;
			buildConfigurations = (
				EB7B1DEE3D6137E901AE4C68 /* Debug */,
				FAED4548550AE52D26C5FF21 /* Release */,
			);
			defaultConfigurationIsVisible = 0;
			defaultConfigurationName = Debug;
		};
		3BE3B1052367978066B281E6 /* Build configuration list for PBXNativeTarget "BeforeWidgetExtension" */ = {
			isa = XCConfigurationList;
			buildConfigurations = (
				D3C3DA0828F2A57577EDA6C1 /* Debug */,
				6C8047DCED10297E600F7CA6 /* Release */,
			);
			defaultConfigurationIsVisible = 0;
			defaultConfigurationName = Debug;
		};
		8625D0D8424A4E49B435FEE5 /* Build configuration list for PBXNativeTarget "BeforeTests" */ = {
			isa = XCConfigurationList;
			buildConfigurations = (
				2DCC98678690A8F7A0A31F65 /* Debug */,
				F8353FAF15E705EB515D4FCE /* Release */,
			);
			defaultConfigurationIsVisible = 0;
			defaultConfigurationName = Debug;
		};
/* End XCConfigurationList section */
	};
	rootObject = 8D009C367D7606973570E20C /* Project object */;
}
